{
  "name": "Blogging-Website",
  "lockfileVersion": 3,
  "requires": true,
  "packages": {
    "": {
      "dependencies": {
        "@ankur-sharma/medium-common": "^1.0.4"
      }
    },
    "node_modules/@ankur-sharma/medium-common": {
      "version": "1.0.4",
      "resolved": "https://registry.npmjs.org/@ankur-sharma/medium-common/-/medium-common-1.0.4.tgz",
      "integrity": "sha512-DtlHlwBEFSqXcfcfVb8LuDcbE0tUS7KigtvP0XAfN24WkR982+K18JPMwURB7lFH3+TOVRxLzqFwVS217tcD7A==",
      "license": "ISC",
      "dependencies": {
        "zod": "^4.0.5"
      }
    },
    "node_modules/zod": {
      "version": "4.0.5",
      "resolved": "https://registry.npmjs.org/zod/-/zod-4.0.5.tgz",
      "integrity": "sha512-/5UuuRPStvHXu7RS+gmvRf4NXrNxpSllGwDnCBcJZtQsKrviYXm54yDGV2KYNLT5kq0lHGcl7lqWJLgSaG+tgA==",
      "license": "MIT",
      "funding": {
        "url": "https://github.com/sponsors/colinhacks"
      }
    }
  }
}
