{
  "name": "Median-Project",
  "lockfileVersion": 3,
  "requires": true,
  "packages": {
    "": {
      "dependencies": {
        "@ankur-sharma/medium-common": "^1.0.2"
      }
    },
    "node_modules/@ankur-sharma/medium-common": {
      "version": "1.0.2",
      "resolved": "https://registry.npmjs.org/@ankur-sharma/medium-common/-/medium-common-1.0.2.tgz",
      "integrity": "sha512-ZDGU8+bK9caak3SE2RFVe3efVG/KQGPOWvgsEFO3xatYcozvt3VIwWlGX0aCftkag12jfTM7wI5/9gTHOuSW7w==",
      "license": "ISC",
      "dependencies": {
        "zod": "^4.0.5"
      }
    },
    "node_modules/zod": {
      "version": "4.0.5",
      "resolved": "https://registry.npmjs.org/zod/-/zod-4.0.5.tgz",
      "integrity": "sha512-/5UuuRPStvHXu7RS+gmvRf4NXrNxpSllGwDnCBcJZtQsKrviYXm54yDGV2KYNLT5kq0lHGcl7lqWJLgSaG+tgA==",
      "license": "MIT",
      "funding": {
        "url": "https://github.com/sponsors/colinhacks"
      }
    }
  }
}
